Microsoft Visual Studio Solution File, Format Version 12.00
# Visual Studio Version 17
VisualStudioVersion = 17.5.2.0
MinimumVisualStudioVersion = 10.0.40219.1
Project("{FAE04EC0-301F-11D3-BF4B-00C04F79EFBC}") = "PhonePadApp", "PhonePadApp.csproj", "{8F0A2988-48BF-D480-D479-F96F40DBDA58}"
EndProject
Global
	GlobalSection(SolutionConfigurationPlatforms) = preSolution
		Debug|Any CPU = Debug|Any CPU
		Release|Any CPU = Release|Any CPU
	EndGlobalSection
	GlobalSection(ProjectConfigurationPlatforms) = postSolution
		{8F0A2988-48BF-D480-D479-F96F40DBDA58}.Debug|Any CPU.ActiveCfg = Debug|Any CPU
		{8F0A2988-48BF-D480-D479-F96F40DBDA58}.Debug|Any CPU.Build.0 = Debug|Any CPU
		{8F0A2988-48BF-D480-D479-F96F40DBDA58}.Release|Any CPU.ActiveCfg = Release|Any CPU
		{8F0A2988-48BF-D480-D479-F96F40DBDA58}.Release|Any CPU.Build.0 = Release|Any CPU
	EndGlobalSection
	GlobalSection(SolutionProperties) = preSolution
		HideSolutionNode = FALSE
	EndGlobalSection
	GlobalSection(ExtensibilityGlobals) = postSolution
		SolutionGuid = {BEEF8069-1CDC-4D1B-BAD3-6504EF669FE3}
	EndGlobalSection
EndGlobal
